// !$*UTF8*$!
{
	archiveVersion = 1;
	classes = {
	};
	objectVersion = 48;
	objects = {

/* Begin PBXBuildFile section */
		9E86D7951EF1986300B43C98 /* AppDelegate.swift in Sources */ = {isa = PBXBuildFile; fileRef = 9E86D7941EF1986300B43C98 /* AppDelegate.swift */; };
		9E86D7971EF1986400B43C98 /* ViewController.swift in Sources */ = {isa = PBXBuildFile; fileRef = 9E86D7961EF1986400B43C98 /* ViewController.swift */; };
		9E86D7991EF1986400B43C98 /* Assets.xcassets in Resources */ = {isa = PBXBuildFile; fileRef = 9E86D7981EF1986400B43C98 /* Assets.xcassets */; };
		9E86D79C1EF1986400B43C98 /* Main.storyboard in Resources */ = {isa = PBXBuildFile; fileRef = 9E86D79A1EF1986400B43C98 /* Main.storyboard */; };
		9E969D751EF19E8200CD647A /* Renderer.swift in Sources */ = {isa = PBXBuildFile; fileRef = 9E969D741EF19E8200CD647A /* Renderer.swift */; };
		9E969D771EF1AA6900CD647A /* shaders.metal in Sources */ = {isa = PBXBuildFile; fileRef = 9E969D761EF1AA6900CD647A /* shaders.metal */; };
/* End PBXBuildFile section */

/* Begin PBXFileReference section */
		9E86D7911EF1986300B43C98 /* MetalCocoa.app */ = {isa = PBXFileReference; explicitFileType = wrapper.application; includeInIndex = 0; path = MetalCocoa.app; sourceTree = BUILT_PRODUCTS_DIR; };
		9E86D7941EF1986300B43C98 /* AppDelegate.swift */ = {isa = PBXFileReference; lastKnownFileType = sourcecode.swift; path = AppDelegate.swift; sourceTree = "<group>"; };
		9E86D7961EF1986400B43C98 /* ViewController.swift */ = {isa = PBXFileReference; lastKnownFileType = sourcecode.swift; path = ViewController.swift; sourceTree = "<group>"; };
		9E86D7981EF1986400B43C98 /* Assets.xcassets */ = {isa = PBXFileReference; lastKnownFileType = folder.assetcatalog; path = Assets.xcassets; sourceTree = "<group>"; };
		9E86D79B1EF1986400B43C98 /* Base */ = {isa = PBXFileReference; lastKnownFileType = file.storyboard; name = Base; path = Base.lproj/Main.storyboard; sourceTree = "<group>"; };
		9E86D79D1EF1986400B43C98 /* Info.plist */ = {isa = PBXFileReference; lastKnownFileType = text.plist.xml; path = Info.plist; sourceTree = "<group>"; };
		9E86D79E1EF1986400B43C98 /* MetalCocoa.entitlements */ = {isa = PBXFileReference; lastKnownFileType = text.plist.entitlements; path = MetalCocoa.entitlements; sourceTree = "<group>"; };
		9E969D741EF19E8200CD647A /* Renderer.swift */ = {isa = PBXFileReference; lastKnownFileType = sourcecode.swift; path = Renderer.swift; sourceTree = "<group>"; };
		9E969D761EF1AA6900CD647A /* shaders.metal */ = {isa = PBXFileReference; lastKnownFileType = sourcecode.metal; path = shaders.metal; sourceTree = "<group>"; };
/* End PBXFileReference section */

/* Begin PBXFrameworksBuildPhase section */
		9E86D78E1EF1986300B43C98 /* Frameworks */ = {
			isa = PBXFrameworksBuildPhase;
			buildActionMask = 2147483647;
			files = (
			);
			runOnlyForDeploymentPostprocessing = 0;
		};
/* End PBXFrameworksBuildPhase section */

/* Begin PBXGroup section */
		9E86D7881EF1986300B43C98 = {
			isa = PBXGroup;
			children = (
				9E86D7931EF1986300B43C98 /* MetalCocoa */,
				9E86D7921EF1986300B43C98 /* Products */,
			);
			sourceTree = "<group>";
		};
		9E86D7921EF1986300B43C98 /* Products */ = {
			isa = PBXGroup;
			children = (
				9E86D7911EF1986300B43C98 /* MetalCocoa.app */,
			);
			name = Products;
			sourceTree = "<group>";
		};
		9E86D7931EF1986300B43C98 /* MetalCocoa */ = {
			isa = PBXGroup;
			children = (
				9E86D7941EF1986300B43C98 /* AppDelegate.swift */,
				9E86D7961EF1986400B43C98 /* ViewController.swift */,
				9E969D741EF19E8200CD647A /* Renderer.swift */,
				9E969D761EF1AA6900CD647A /* shaders.metal */,
				9E86D7981EF1986400B43C98 /* Assets.xcassets */,
				9E86D79A1EF1986400B43C98 /* Main.storyboard */,
				9E86D79D1EF1986400B43C98 /* Info.plist */,
				9E86D79E1EF1986400B43C98 /* MetalCocoa.entitlements */,
			);
			path = MetalCocoa;
			sourceTree = "<group>";
		};
/* End PBXGroup section */

/* Begin PBXNativeTarget section */
		9E86D7901EF1986300B43C98 /* MetalCocoa */ = {
			isa = PBXNativeTarget;
			buildConfigurationList = 9E86D7A11EF1986400B43C98 /* Build configuration list for PBXNativeTarget "MetalCocoa" */;
			buildPhases = (
				9E86D78D1EF1986300B43C98 /* Sources */,
				9E86D78E1EF1986300B43C98 /* Frameworks */,
				9E86D78F1EF1986300B43C98 /* Resources */,
			);
			buildRules = (
			);
			dependencies = (
			);
			name = MetalCocoa;
			productName = MetalCocoa;
			productReference = 9E86D7911EF1986300B43C98 /* MetalCocoa.app */;
			productType = "com.apple.product-type.application";
		};
/* End PBXNativeTarget section */

/* Begin PBXProject section */
		9E86D7891EF1986300B43C98 /* Project object */ = {
			isa = PBXProject;
			attributes = {
				LastSwiftUpdateCheck = 0900;
				LastUpgradeCheck = 0900;
				ORGANIZATIONNAME = FB;
				TargetAttributes = {
					9E86D7901EF1986300B43C98 = {
						CreatedOnToolsVersion = 9.0;
					};
				};
			};
			buildConfigurationList = 9E86D78C1EF1986300B43C98 /* Build configuration list for PBXProject "MetalCocoa" */;
			compatibilityVersion = "Xcode 8.0";
			developmentRegion = en;
			hasScannedForEncodings = 0;
			knownRegions = (
				en,
				Base,
			);
			mainGroup = 9E86D7881EF1986300B43C98;
			productRefGroup = 9E86D7921EF1986300B43C98 /* Products */;
			projectDirPath = "";
			projectRoot = "";
			targets = (
				9E86D7901EF1986300B43C98 /* MetalCocoa */,
			);
		};
/* End PBXProject section */

/* Begin PBXResourcesBuildPhase section */
		9E86D78F1EF1986300B43C98 /* Resources */ = {
			isa = PBXResourcesBuildPhase;
			buildActionMask = 2147483647;
			files = (
				9E86D7991EF1986400B43C98 /* Assets.xcassets in Resources */,
				9E86D79C1EF1986400B43C98 /* Main.storyboard in Resources */,
			);
			runOnlyForDeploymentPostprocessing = 0;
		};
/* End PBXResourcesBuildPhase section */

/* Begin PBXSourcesBuildPhase section */
		9E86D78D1EF1986300B43C98 /* Sources */ = {
			isa = PBXSourcesBuildPhase;
			buildActionMask = 2147483647;
			files = (
				9E969D771EF1AA6900CD647A /* shaders.metal in Sources */,
				9E86D7971EF1986400B43C98 /* ViewController.swift in Sources */,
				9E969D751EF19E8200CD647A /* Renderer.swift in Sources */,
				9E86D7951EF1986300B43C98 /* AppDelegate.swift in Sources */,
			);
			runOnlyForDeploymentPostprocessing = 0;
		};
/* End PBXSourcesBuildPhase section */

/* Begin PBXVariantGroup section */
		9E86D79A1EF1986400B43C98 /* Main.storyboard */ = {
			isa = PBXVariantGroup;
			children = (
				9E86D79B1EF1986400B43C98 /* Base */,
			);
			name = Main.storyboard;
			sourceTree = "<group>";
		};
/* End PBXVariantGroup section */

/* Begin XCBuildConfiguration section */
		9E86D79F1EF1986400B43C98 /* Debug */ = {
			isa = XCBuildConfiguration;
			buildSettings = {
				ALWAYS_SEARCH_USER_PATHS = NO;
				CLANG_ANALYZER_NONNULL = YES;
				CLANG_ANALYZER_NUMBER_OBJECT_CONVERSION = YES_AGGRESSIVE;
				CLANG_CXX_LANGUAGE_STANDARD = "gnu++14";
				CLANG_CXX_LIBRARY = "libc++";
				CLANG_ENABLE_MODULES = YES;
				CLANG_ENABLE_OBJC_ARC = YES;
				CLANG_WARN_BLOCK_CAPTURE_AUTORELEASING = YES;
				CLANG_WARN_BOOL_CONVERSION = YES;
				CLANG_WARN_COMMA = YES;
				CLANG_WARN_CONSTANT_CONVERSION = YES;
				CLANG_WARN_DIRECT_OBJC_ISA_USAGE = YES_ERROR;
				CLANG_WARN_DOCUMENTATION_COMMENTS = YES;
				CLANG_WARN_EMPTY_BODY = YES;
				CLANG_WARN_ENUM_CONVERSION = YES;
				CLANG_WARN_INFINITE_RECURSION = YES;
				CLANG_WARN_INT_CONVERSION = YES;
				CLANG_WARN_NON_LITERAL_NULL_CONVERSION = YES;
				CLANG_WARN_OBJC_LITERAL_CONVERSION = YES;
				CLANG_WARN_OBJC_ROOT_CLASS = YES_ERROR;
				CLANG_WARN_RANGE_LOOP_ANALYSIS = YES;
				CLANG_WARN_STRICT_PROTOTYPES = YES;
				CLANG_WARN_SUSPICIOUS_MOVE = YES;
				CLANG_WARN_UNGUARDED_AVAILABILITY = YES_AGGRESSIVE;
				CLANG_WARN_UNREACHABLE_CODE = YES;
				CLANG_WARN__DUPLICATE_METHOD_MATCH = YES;
				CODE_SIGN_IDENTITY = "Mac Developer";
				COPY_PHASE_STRIP = NO;
				DEBUG_INFORMATION_FORMAT = dwarf;
				ENABLE_STRICT_OBJC_MSGSEND = YES;
				ENABLE_TESTABILITY = YES;
				GCC_C_LANGUAGE_STANDARD = gnu11;
				GCC_DYNAMIC_NO_PIC = NO;
				GCC_NO_COMMON_BLOCKS = YES;
				GCC_OPTIMIZATION_LEVEL = 0;
				GCC_PREPROCESSOR_DEFINITIONS = (
					"DEBUG=1",
					"$(inherited)",
				);
				GCC_WARN_64_TO_32_BIT_CONVERSION = YES;
				GCC_WARN_ABOUT_RETURN_TYPE = YES_ERROR;
				GCC_WARN_UNDECLARED_SELECTOR = YES;
				GCC_WARN_UNINITIALIZED_AUTOS = YES_AGGRESSIVE;
				GCC_WARN_UNUSED_FUNCTION = YES;
				GCC_WARN_UNUSED_VARIABLE = YES;
				MACOSX_DEPLOYMENT_TARGET = 10.13;
				MTL_ENABLE_DEBUG_INFO = YES;
				ONLY_ACTIVE_ARCH = YES;
				SDKROOT = macosx;
				SWIFT_ACTIVE_COMPILATION_CONDITIONS = DEBUG;
				SWIFT_OPTIMIZATION_LEVEL = "-Onone";
			};
			name = Debug;
		};
		9E86D7A01EF1986400B43C98 /* Release */ = {
			isa = XCBuildConfiguration;
			buildSettings = {
				ALWAYS_SEARCH_USER_PATHS = NO;
				CLANG_ANALYZER_NONNULL = YES;
				CLANG_ANALYZER_NUMBER_OBJECT_CONVERSION = YES_AGGRESSIVE;
				CLANG_CXX_LANGUAGE_STANDARD = "gnu++14";
				CLANG_CXX_LIBRARY = "libc++";
				CLANG_ENABLE_MODULES = YES;
				CLANG_ENABLE_OBJC_ARC = YES;
				CLANG_WARN_BLOCK_CAPTURE_AUTORELEASING = YES;
				CLANG_WARN_BOOL_CONVERSION = YES;
				CLANG_WARN_COMMA = YES;
				CLANG_WARN_CONSTANT_CONVERSION = YES;
				CLANG_WARN_DIRECT_OBJC_ISA_USAGE = YES_ERROR;
				CLANG_WARN_DOCUMENTATION_COMMENTS = YES;
				CLANG_WARN_EMPTY_BODY = YES;
				CLANG_WARN_ENUM_CONVERSION = YES;
				CLANG_WARN_INFINITE_RECURSION = YES;
				CLANG_WARN_INT_CONVERSION = YES;
				CLANG_WARN_NON_LITERAL_NULL_CONVERSION = YES;
				CLANG_WARN_OBJC_LITERAL_CONVERSION = YES;
				CLANG_WARN_OBJC_ROOT_CLASS = YES_ERROR;
				CLANG_WARN_RANGE_LOOP_ANALYSIS = YES;
				CLANG_WARN_STRICT_PROTOTYPES = YES;
				CLANG_WARN_SUSPICIOUS_MOVE = YES;
				CLANG_WARN_UNGUARDED_AVAILABILITY = YES_AGGRESSIVE;
				CLANG_WARN_UNREACHABLE_CODE = YES;
				CLANG_WARN__DUPLICATE_METHOD_MATCH = YES;
				CODE_SIGN_IDENTITY = "Mac Developer";
				COPY_PHASE_STRIP = NO;
				DEBUG_INFORMATION_FORMAT = "dwarf-with-dsym";
				ENABLE_NS_ASSERTIONS = NO;
				ENABLE_STRICT_OBJC_MSGSEND = YES;
				GCC_C_LANGUAGE_STANDARD = gnu11;
				GCC_NO_COMMON_BLOCKS = YES;
				GCC_WARN_64_TO_32_BIT_CONVERSION = YES;
				GCC_WARN_ABOUT_RETURN_TYPE = YES_ERROR;
				GCC_WARN_UNDECLARED_SELECTOR = YES;
				GCC_WARN_UNINITIALIZED_AUTOS = YES_AGGRESSIVE;
				GCC_WARN_UNUSED_FUNCTION = YES;
				GCC_WARN_UNUSED_VARIABLE = YES;
				MACOSX_DEPLOYMENT_TARGET = 10.13;
				MTL_ENABLE_DEBUG_INFO = NO;
				SDKROOT = macosx;
				SWIFT_OPTIMIZATION_LEVEL = "-Owholemodule";
			};
			name = Release;
		};
		9E86D7A21EF1986400B43C98 /* Debug */ = {
			isa = XCBuildConfiguration;
			buildSettings = {
				ASSETCATALOG_COMPILER_APPICON_NAME = AppIcon;
				CODE_SIGN_ENTITLEMENTS = MetalCocoa/MetalCocoa.entitlements;
				COMBINE_HIDPI_IMAGES = YES;
				DEVELOPMENT_TEAM = XPSUQMMH5W;
				INFOPLIST_FILE = MetalCocoa/Info.plist;
				LD_RUNPATH_SEARCH_PATHS = "$(inherited) @executable_path/../Frameworks";
				PRODUCT_BUNDLE_IDENTIFIER = FB.MetalCocoa;
				PRODUCT_NAME = "$(TARGET_NAME)";
				SWIFT_VERSION = 4.0;
			};
			name = Debug;
		};
		9E86D7A31EF1986400B43C98 /* Release */ = {
			isa = XCBuildConfiguration;
			buildSettings = {
				ASSETCATALOG_COMPILER_APPICON_NAME = AppIcon;
				CODE_SIGN_ENTITLEMENTS = MetalCocoa/MetalCocoa.entitlements;
				COMBINE_HIDPI_IMAGES = YES;
				DEVELOPMENT_TEAM = XPSUQMMH5W;
				INFOPLIST_FILE = MetalCocoa/Info.plist;
				LD_RUNPATH_SEARCH_PATHS = "$(inherited) @executable_path/../Frameworks";
				PRODUCT_BUNDLE_IDENTIFIER = FB.MetalCocoa;
				PRODUCT_NAME = "$(TARGET_NAME)";
				SWIFT_VERSION = 4.0;
			};
			name = Release;
		};
/* End XCBuildConfiguration section */

/* Begin XCConfigurationList section */
		9E86D78C1EF1986300B43C98 /* Build configuration list for PBXProject "MetalCocoa" */ = {
			isa = XCConfigurationList;
			buildConfigurations = (
				9E86D79F1EF1986400B43C98 /* Debug */,
				9E86D7A01EF1986400B43C98 /* Release */,
			);
			defaultConfigurationIsVisible = 0;
			defaultConfigurationName = Release;
		};
		9E86D7A11EF1986400B43C98 /* Build configuration list for PBXNativeTarget "MetalCocoa" */ = {
			isa = XCConfigurationList;
			buildConfigurations = (
				9E86D7A21EF1986400B43C98 /* Debug */,
				9E86D7A31EF1986400B43C98 /* Release */,
			);
			defaultConfigurationIsVisible = 0;
			defaultConfigurationName = Release;
		};
/* End XCConfigurationList section */
	};
	rootObject = 9E86D7891EF1986300B43C98 /* Project object */;
}
